{
  "name": "homebridge-heatmiser-ib",
  "version": "1.0.3",
  "lockfileVersion": 2,
  "requires": true,
  "packages": {
    "": {
      "version": "1.0.0",
      "license": "Apache-2.0",
      "dependencies": {
        "heatmiser": "^2.0.0"
      },
      "devDependencies": {},
      "engines": {
        "homebridge": ">=0.2.0",
        "node": ">=0.12.0"
      }
    },
    "node_modules/heatmiser": {
      "version": "2.0.0",
      "resolved": "https://registry.npmjs.org/heatmiser/-/heatmiser-2.0.0.tgz",
      "integrity": "sha1-At5feW+WdcCAe6P330McF4l/E8U="
    }
  },
  "dependencies": {
    "heatmiser": {
      "version": "2.0.0",
      "resolved": "https://registry.npmjs.org/heatmiser/-/heatmiser-2.0.0.tgz",
      "integrity": "sha1-At5feW+WdcCAe6P330McF4l/E8U="
    }
  }
}
